PODS:
  - Alamofire (4.5.1)
  - AssetsPickerViewController (2.2.1):
    - Dimmer (~> 1.0)
    - FadeView (~> 1.0)
    - PureLayout
    - SwiftARGB (< 2.0)
    - TinyLog (~> 1.0)
  - AWSCognito (2.6.6):
    - AWSCore (= 2.6.6)
  - AWSCore (2.6.6)
  - AWSS3 (2.6.6):
    - AWSCore (= 2.6.6)
  - Dimmer (1.1.2):
    - FadeView
    - OptionalTypes
    - PureLayout
    - TinyLog
    - UIViewKVO
  - FadeView (1.0.2)
  - OptionalTypes (1.0.4)
  - PureLayout (3.0.2)
  - SwiftARGB (0.9.3)
  - SwiftyJSON (4.0.0)
  - TinyLog (1.0.1)
  - UIViewKVO (2.0.0)

DEPENDENCIES:
  - Alamofire
  - AssetsPickerViewController (from `https://github.com/DragonCherry/AssetsPickerViewController`, branch `swift3`)
  - AWSCognito
  - AWSS3
  - SwiftyJSON

EXTERNAL SOURCES:
  AssetsPickerViewController:
    :branch: swift3
    :git: https://github.com/DragonCherry/AssetsPickerViewController

CHECKOUT OPTIONS:
  AssetsPickerViewController:
    :commit: 99cdd225514278f1afa0681198a68d593f2c94a6
    :git: https://github.com/DragonCherry/AssetsPickerViewController

SPEC CHECKSUMS:
  Alamofire: 2d95912bf4c34f164fdfc335872e8c312acaea4a
  AssetsPickerViewController: ba566156e4056dd333bd6c34371235743ccc0eaf
  AWSCognito: 7683df59094f1b4cd50d5a8e870a8ff59224d9b3
  AWSCore: 64619e45b47678afab53ca0f9b4fa380ebee6f0b
  AWSS3: 44c99957a049703e06b474f4b1898da215f2d922
  Dimmer: d69bad35b7e4545c3d36b64737b2623b59fac55c
  FadeView: 7d4cdefa83ac9c17782613e9068c9fac0457285e
  OptionalTypes: 2c7ee4d718fec7933fb9d55793eced4789cc6089
  PureLayout: 4d550abe49a94f24c2808b9b95db9131685fe4cd
  SwiftARGB: 37a0aeaed8e99ed691e7e574af1ae3f85c731286
  SwiftyJSON: 070dabdcb1beb81b247c65ffa3a79dbbfb3b48aa
  TinyLog: 6c3ecbc348d10dc242ebb506f684fc9ae6aff533
  UIViewKVO: 091f9e020d69e73c4bf5e5ef61cde7bff1c24bbf

PODFILE CHECKSUM: 6dee20d2ecb359e34c009333b326c075db733c7d

COCOAPODS: 1.3.1
